// !$*UTF8*$!
{
	archiveVersion = 1;
	classes = {
	};
	objectVersion = 50;
	objects = {

/* Begin PBXBuildFile section */
		BC46C26322416B9C00151AAA /* AppDelegate.swift in Sources */ = {isa = PBXBuildFile; fileRef = BC46C26222416B9C00151AAA /* AppDelegate.swift */; };
		BC46C26522416B9C00151AAA /* ViewController.swift in Sources */ = {isa = PBXBuildFile; fileRef = BC46C26422416B9C00151AAA /* ViewController.swift */; };
		BC46C26822416B9C00151AAA /* Main.storyboard in Resources */ = {isa = PBXBuildFile; fileRef = BC46C26622416B9C00151AAA /* Main.storyboard */; };
		BC46C26A22416B9D00151AAA /* Assets.xcassets in Resources */ = {isa = PBXBuildFile; fileRef = BC46C26922416B9D00151AAA /* Assets.xcassets */; };
		BC46C26D22416B9D00151AAA /* LaunchScreen.storyboard in Resources */ = {isa = PBXBuildFile; fileRef = BC46C26B22416B9D00151AAA /* LaunchScreen.storyboard */; };
		BC46C27522416F9300151AAA /* EffectsViewController.swift in Sources */ = {isa = PBXBuildFile; fileRef = BC46C27422416F9300151AAA /* EffectsViewController.swift */; };
		BC46C27722416F9F00151AAA /* FinalViewController.swift in Sources */ = {isa = PBXBuildFile; fileRef = BC46C27622416F9F00151AAA /* FinalViewController.swift */; };
		BC46C27B2241D65F00151AAA /* FilterManager.swift in Sources */ = {isa = PBXBuildFile; fileRef = BC46C27A2241D65F00151AAA /* FilterManager.swift */; };
		BCC99C9D224965D1004A3E24 /* CollectionViewCell.swift in Sources */ = {isa = PBXBuildFile; fileRef = BCC99C9C224965D1004A3E24 /* CollectionViewCell.swift */; };
/* End PBXBuildFile section */

/* Begin PBXFileReference section */
		BC46C25F22416B9C00151AAA /* Fotoroid.app */ = {isa = PBXFileReference; explicitFileType = wrapper.application; includeInIndex = 0; path = Fotoroid.app; sourceTree = BUILT_PRODUCTS_DIR; };
		BC46C26222416B9C00151AAA /* AppDelegate.swift */ = {isa = PBXFileReference; lastKnownFileType = sourcecode.swift; path = AppDelegate.swift; sourceTree = "<group>"; };
		BC46C26422416B9C00151AAA /* ViewController.swift */ = {isa = PBXFileReference; lastKnownFileType = sourcecode.swift; path = ViewController.swift; sourceTree = "<group>"; };
		BC46C26722416B9C00151AAA /* Base */ = {isa = PBXFileReference; lastKnownFileType = file.storyboard; name = Base; path = Base.lproj/Main.storyboard; sourceTree = "<group>"; };
		BC46C26922416B9D00151AAA /* Assets.xcassets */ = {isa = PBXFileReference; lastKnownFileType = folder.assetcatalog; path = Assets.xcassets; sourceTree = "<group>"; };
		BC46C26C22416B9D00151AAA /* Base */ = {isa = PBXFileReference; lastKnownFileType = file.storyboard; name = Base; path = Base.lproj/LaunchScreen.storyboard; sourceTree = "<group>"; };
		BC46C26E22416B9D00151AAA /* Info.plist */ = {isa = PBXFileReference; lastKnownFileType = text.plist.xml; path = Info.plist; sourceTree = "<group>"; };
		BC46C27422416F9300151AAA /* EffectsViewController.swift */ = {isa = PBXFileReference; lastKnownFileType = sourcecode.swift; path = EffectsViewController.swift; sourceTree = "<group>"; };
		BC46C27622416F9F00151AAA /* FinalViewController.swift */ = {isa = PBXFileReference; lastKnownFileType = sourcecode.swift; path = FinalViewController.swift; sourceTree = "<group>"; };
		BC46C27A2241D65F00151AAA /* FilterManager.swift */ = {isa = PBXFileReference; lastKnownFileType = sourcecode.swift; path = FilterManager.swift; sourceTree = "<group>"; };
		BCC99C9C224965D1004A3E24 /* CollectionViewCell.swift */ = {isa = PBXFileReference; lastKnownFileType = sourcecode.swift; path = CollectionViewCell.swift; sourceTree = "<group>"; };
/* End PBXFileReference section */

/* Begin PBXFrameworksBuildPhase section */
		BC46C25C22416B9C00151AAA /* Frameworks */ = {
			isa = PBXFrameworksBuildPhase;
			buildActionMask = 2147483647;
			files = (
			);
			runOnlyForDeploymentPostprocessing = 0;
		};
/* End PBXFrameworksBuildPhase section */

/* Begin PBXGroup section */
		BC46C25622416B9C00151AAA = {
			isa = PBXGroup;
			children = (
				BC46C26122416B9C00151AAA /* Fotoroid */,
				BC46C26022416B9C00151AAA /* Products */,
			);
			sourceTree = "<group>";
		};
		BC46C26022416B9C00151AAA /* Products */ = {
			isa = PBXGroup;
			children = (
				BC46C25F22416B9C00151AAA /* Fotoroid.app */,
			);
			name = Products;
			sourceTree = "<group>";
		};
		BC46C26122416B9C00151AAA /* Fotoroid */ = {
			isa = PBXGroup;
			children = (
				BC46C26222416B9C00151AAA /* AppDelegate.swift */,
				BC46C26422416B9C00151AAA /* ViewController.swift */,
				BC46C27A2241D65F00151AAA /* FilterManager.swift */,
				BC46C26622416B9C00151AAA /* Main.storyboard */,
				BC46C27422416F9300151AAA /* EffectsViewController.swift */,
				BCC99C9C224965D1004A3E24 /* CollectionViewCell.swift */,
				BC46C27622416F9F00151AAA /* FinalViewController.swift */,
				BC46C26922416B9D00151AAA /* Assets.xcassets */,
				BC46C26B22416B9D00151AAA /* LaunchScreen.storyboard */,
				BC46C26E22416B9D00151AAA /* Info.plist */,
			);
			path = Fotoroid;
			sourceTree = "<group>";
		};
/* End PBXGroup section */

/* Begin PBXNativeTarget section */
		BC46C25E22416B9C00151AAA /* Fotoroid */ = {
			isa = PBXNativeTarget;
			buildConfigurationList = BC46C27122416B9D00151AAA /* Build configuration list for PBXNativeTarget "Fotoroid" */;
			buildPhases = (
				BC46C25B22416B9C00151AAA /* Sources */,
				BC46C25C22416B9C00151AAA /* Frameworks */,
				BC46C25D22416B9C00151AAA /* Resources */,
			);
			buildRules = (
			);
			dependencies = (
			);
			name = Fotoroid;
			productName = Fotoroid;
			productReference = BC46C25F22416B9C00151AAA /* Fotoroid.app */;
			productType = "com.apple.product-type.application";
		};
/* End PBXNativeTarget section */

/* Begin PBXProject section */
		BC46C25722416B9C00151AAA /* Project object */ = {
			isa = PBXProject;
			attributes = {
				LastSwiftUpdateCheck = 0940;
				LastUpgradeCheck = 0940;
				ORGANIZATIONNAME = "Denis Janoto";
				TargetAttributes = {
					BC46C25E22416B9C00151AAA = {
						CreatedOnToolsVersion = 9.4.1;
					};
				};
			};
			buildConfigurationList = BC46C25A22416B9C00151AAA /* Build configuration list for PBXProject "Fotoroid" */;
			compatibilityVersion = "Xcode 9.3";
			developmentRegion = en;
			hasScannedForEncodings = 0;
			knownRegions = (
				en,
				Base,
			);
			mainGroup = BC46C25622416B9C00151AAA;
			productRefGroup = BC46C26022416B9C00151AAA /* Products */;
			projectDirPath = "";
			projectRoot = "";
			targets = (
				BC46C25E22416B9C00151AAA /* Fotoroid */,
			);
		};
/* End PBXProject section */

/* Begin PBXResourcesBuildPhase section */
		BC46C25D22416B9C00151AAA /* Resources */ = {
			isa = PBXResourcesBuildPhase;
			buildActionMask = 2147483647;
			files = (
				BC46C26D22416B9D00151AAA /* LaunchScreen.storyboard in Resources */,
				BC46C26A22416B9D00151AAA /* Assets.xcassets in Resources */,
				BC46C26822416B9C00151AAA /* Main.storyboard in Resources */,
			);
			runOnlyForDeploymentPostprocessing = 0;
		};
/* End PBXResourcesBuildPhase section */

/* Begin PBXSourcesBuildPhase section */
		BC46C25B22416B9C00151AAA /* Sources */ = {
			isa = PBXSourcesBuildPhase;
			buildActionMask = 2147483647;
			files = (
				BC46C26522416B9C00151AAA /* ViewController.swift in Sources */,
				BC46C27722416F9F00151AAA /* FinalViewController.swift in Sources */,
				BCC99C9D224965D1004A3E24 /* CollectionViewCell.swift in Sources */,
				BC46C26322416B9C00151AAA /* AppDelegate.swift in Sources */,
				BC46C27522416F9300151AAA /* EffectsViewController.swift in Sources */,
				BC46C27B2241D65F00151AAA /* FilterManager.swift in Sources */,
			);
			runOnlyForDeploymentPostprocessing = 0;
		};
/* End PBXSourcesBuildPhase section */

/* Begin PBXVariantGroup section */
		BC46C26622416B9C00151AAA /* Main.storyboard */ = {
			isa = PBXVariantGroup;
			children = (
				BC46C26722416B9C00151AAA /* Base */,
			);
			name = Main.storyboard;
			sourceTree = "<group>";
		};
		BC46C26B22416B9D00151AAA /* LaunchScreen.storyboard */ = {
			isa = PBXVariantGroup;
			children = (
				BC46C26C22416B9D00151AAA /* Base */,
			);
			name = LaunchScreen.storyboard;
			sourceTree = "<group>";
		};
/* End PBXVariantGroup section */

/* Begin XCBuildConfiguration section */
		BC46C26F22416B9D00151AAA /* Debug */ = {
			isa = XCBuildConfiguration;
			buildSettings = {
				ALWAYS_SEARCH_USER_PATHS = NO;
				CLANG_ANALYZER_NONNULL = YES;
				CLANG_ANALYZER_NUMBER_OBJECT_CONVERSION = YES_AGGRESSIVE;
				CLANG_CXX_LANGUAGE_STANDARD = "gnu++14";
				CLANG_CXX_LIBRARY = "libc++";
				CLANG_ENABLE_MODULES = YES;
				CLANG_ENABLE_OBJC_ARC = YES;
				CLANG_ENABLE_OBJC_WEAK = YES;
				CLANG_WARN_BLOCK_CAPTURE_AUTORELEASING = YES;
				CLANG_WARN_BOOL_CONVERSION = YES;
				CLANG_WARN_COMMA = YES;
				CLANG_WARN_CONSTANT_CONVERSION = YES;
				CLANG_WARN_DEPRECATED_OBJC_IMPLEMENTATIONS = YES;
				CLANG_WARN_DIRECT_OBJC_ISA_USAGE = YES_ERROR;
				CLANG_WARN_DOCUMENTATION_COMMENTS = YES;
				CLANG_WARN_EMPTY_BODY = YES;
				CLANG_WARN_ENUM_CONVERSION = YES;
				CLANG_WARN_INFINITE_RECURSION = YES;
				CLANG_WARN_INT_CONVERSION = YES;
				CLANG_WARN_NON_LITERAL_NULL_CONVERSION = YES;
				CLANG_WARN_OBJC_IMPLICIT_RETAIN_SELF = YES;
				CLANG_WARN_OBJC_LITERAL_CONVERSION = YES;
				CLANG_WARN_OBJC_ROOT_CLASS = YES_ERROR;
				CLANG_WARN_RANGE_LOOP_ANALYSIS = YES;
				CLANG_WARN_STRICT_PROTOTYPES = YES;
				CLANG_WARN_SUSPICIOUS_MOVE = YES;
				CLANG_WARN_UNGUARDED_AVAILABILITY = YES_AGGRESSIVE;
				CLANG_WARN_UNREACHABLE_CODE = YES;
				CLANG_WARN__DUPLICATE_METHOD_MATCH = YES;
				CODE_SIGN_IDENTITY = "iPhone Developer";
				COPY_PHASE_STRIP = NO;
				DEBUG_INFORMATION_FORMAT = dwarf;
				ENABLE_STRICT_OBJC_MSGSEND = YES;
				ENABLE_TESTABILITY = YES;
				GCC_C_LANGUAGE_STANDARD = gnu11;
				GCC_DYNAMIC_NO_PIC = NO;
				GCC_NO_COMMON_BLOCKS = YES;
				GCC_OPTIMIZATION_LEVEL = 0;
				GCC_PREPROCESSOR_DEFINITIONS = (
					"DEBUG=1",
					"$(inherited)",
				);
				GCC_WARN_64_TO_32_BIT_CONVERSION = YES;
				GCC_WARN_ABOUT_RETURN_TYPE = YES_ERROR;
				GCC_WARN_UNDECLARED_SELECTOR = YES;
				GCC_WARN_UNINITIALIZED_AUTOS = YES_AGGRESSIVE;
				GCC_WARN_UNUSED_FUNCTION = YES;
				GCC_WARN_UNUSED_VARIABLE = YES;
				IPHONEOS_DEPLOYMENT_TARGET = 11.4;
				MTL_ENABLE_DEBUG_INFO = YES;
				ONLY_ACTIVE_ARCH = YES;
				SDKROOT = iphoneos;
				SWIFT_ACTIVE_COMPILATION_CONDITIONS = DEBUG;
				SWIFT_OPTIMIZATION_LEVEL = "-Onone";
			};
			name = Debug;
		};
		BC46C27022416B9D00151AAA /* Release */ = {
			isa = XCBuildConfiguration;
			buildSettings = {
				ALWAYS_SEARCH_USER_PATHS = NO;
				CLANG_ANALYZER_NONNULL = YES;
				CLANG_ANALYZER_NUMBER_OBJECT_CONVERSION = YES_AGGRESSIVE;
				CLANG_CXX_LANGUAGE_STANDARD = "gnu++14";
				CLANG_CXX_LIBRARY = "libc++";
				CLANG_ENABLE_MODULES = YES;
				CLANG_ENABLE_OBJC_ARC = YES;
				CLANG_ENABLE_OBJC_WEAK = YES;
				CLANG_WARN_BLOCK_CAPTURE_AUTORELEASING = YES;
				CLANG_WARN_BOOL_CONVERSION = YES;
				CLANG_WARN_COMMA = YES;
				CLANG_WARN_CONSTANT_CONVERSION = YES;
				CLANG_WARN_DEPRECATED_OBJC_IMPLEMENTATIONS = YES;
				CLANG_WARN_DIRECT_OBJC_ISA_USAGE = YES_ERROR;
				CLANG_WARN_DOCUMENTATION_COMMENTS = YES;
				CLANG_WARN_EMPTY_BODY = YES;
				CLANG_WARN_ENUM_CONVERSION = YES;
				CLANG_WARN_INFINITE_RECURSION = YES;
				CLANG_WARN_INT_CONVERSION = YES;
				CLANG_WARN_NON_LITERAL_NULL_CONVERSION = YES;
				CLANG_WARN_OBJC_IMPLICIT_RETAIN_SELF = YES;
				CLANG_WARN_OBJC_LITERAL_CONVERSION = YES;
				CLANG_WARN_OBJC_ROOT_CLASS = YES_ERROR;
				CLANG_WARN_RANGE_LOOP_ANALYSIS = YES;
				CLANG_WARN_STRICT_PROTOTYPES = YES;
				CLANG_WARN_SUSPICIOUS_MOVE = YES;
				CLANG_WARN_UNGUARDED_AVAILABILITY = YES_AGGRESSIVE;
				CLANG_WARN_UNREACHABLE_CODE = YES;
				CLANG_WARN__DUPLICATE_METHOD_MATCH = YES;
				CODE_SIGN_IDENTITY = "iPhone Developer";
				COPY_PHASE_STRIP = NO;
				DEBUG_INFORMATION_FORMAT = "dwarf-with-dsym";
				ENABLE_NS_ASSERTIONS = NO;
				ENABLE_STRICT_OBJC_MSGSEND = YES;
				GCC_C_LANGUAGE_STANDARD = gnu11;
				GCC_NO_COMMON_BLOCKS = YES;
				GCC_WARN_64_TO_32_BIT_CONVERSION = YES;
				GCC_WARN_ABOUT_RETURN_TYPE = YES_ERROR;
				GCC_WARN_UNDECLARED_SELECTOR = YES;
				GCC_WARN_UNINITIALIZED_AUTOS = YES_AGGRESSIVE;
				GCC_WARN_UNUSED_FUNCTION = YES;
				GCC_WARN_UNUSED_VARIABLE = YES;
				IPHONEOS_DEPLOYMENT_TARGET = 11.4;
				MTL_ENABLE_DEBUG_INFO = NO;
				SDKROOT = iphoneos;
				SWIFT_COMPILATION_MODE = wholemodule;
				SWIFT_OPTIMIZATION_LEVEL = "-O";
				VALIDATE_PRODUCT = YES;
			};
			name = Release;
		};
		BC46C27222416B9D00151AAA /* Debug */ = {
			isa = XCBuildConfiguration;
			buildSettings = {
				ASSETCATALOG_COMPILER_APPICON_NAME = AppIcon;
				CODE_SIGN_STYLE = Automatic;
				INFOPLIST_FILE = Fotoroid/Info.plist;
				LD_RUNPATH_SEARCH_PATHS = (
					"$(inherited)",
					"@executable_path/Frameworks",
				);
				PRODUCT_BUNDLE_IDENTIFIER = com.fotoRoid.Fotoroid;
				PRODUCT_NAME = "$(TARGET_NAME)";
				SWIFT_VERSION = 4.0;
				TARGETED_DEVICE_FAMILY = 1;
			};
			name = Debug;
		};
		BC46C27322416B9D00151AAA /* Release */ = {
			isa = XCBuildConfiguration;
			buildSettings = {
				ASSETCATALOG_COMPILER_APPICON_NAME = AppIcon;
				CODE_SIGN_STYLE = Automatic;
				INFOPLIST_FILE = Fotoroid/Info.plist;
				LD_RUNPATH_SEARCH_PATHS = (
					"$(inherited)",
					"@executable_path/Frameworks",
				);
				PRODUCT_BUNDLE_IDENTIFIER = com.fotoRoid.Fotoroid;
				PRODUCT_NAME = "$(TARGET_NAME)";
				SWIFT_VERSION = 4.0;
				TARGETED_DEVICE_FAMILY = 1;
			};
			name = Release;
		};
/* End XCBuildConfiguration section */

/* Begin XCConfigurationList section */
		BC46C25A22416B9C00151AAA /* Build configuration list for PBXProject "Fotoroid" */ = {
			isa = XCConfigurationList;
			buildConfigurations = (
				BC46C26F22416B9D00151AAA /* Debug */,
				BC46C27022416B9D00151AAA /* Release */,
			);
			defaultConfigurationIsVisible = 0;
			defaultConfigurationName = Release;
		};
		BC46C27122416B9D00151AAA /* Build configuration list for PBXNativeTarget "Fotoroid" */ = {
			isa = XCConfigurationList;
			buildConfigurations = (
				BC46C27222416B9D00151AAA /* Debug */,
				BC46C27322416B9D00151AAA /* Release */,
			);
			defaultConfigurationIsVisible = 0;
			defaultConfigurationName = Release;
		};
/* End XCConfigurationList section */
	};
	rootObject = BC46C25722416B9C00151AAA /* Project object */;
}
